
Microsoft Visual Studio Solution File, Format Version 12.00
# Visual Studio Version 17
VisualStudioVersion = 17.5.33627.172
MinimumVisualStudioVersion = 10.0.40219.1
Project("{FAE04EC0-301F-11D3-BF4B-00C04F79EFBC}") = "SoccerLeagues", "SoccerLeagues\SoccerLeagues.csproj", "{1FDD7980-A164-4ABF-9554-B9E058BE0606}"
EndProject
Global
	GlobalSection(SolutionConfigurationPlatforms) = preSolution
		Debug|Any CPU = Debug|Any CPU
		Release|Any CPU = Release|Any CPU
	EndGlobalSection
	GlobalSection(ProjectConfigurationPlatforms) = postSolution
		{1FDD7980-A164-4ABF-9554-B9E058BE0606}.Debug|Any CPU.ActiveCfg = Debug|Any CPU
		{1FDD7980-A164-4ABF-9554-B9E058BE0606}.Debug|Any CPU.Build.0 = Debug|Any CPU
		{1FDD7980-A164-4ABF-9554-B9E058BE0606}.Release|Any CPU.ActiveCfg = Release|Any CPU
		{1FDD7980-A164-4ABF-9554-B9E058BE0606}.Release|Any CPU.Build.0 = Release|Any CPU
	EndGlobalSection
	GlobalSection(SolutionProperties) = preSolution
		HideSolutionNode = FALSE
	EndGlobalSection
	GlobalSection(ExtensibilityGlobals) = postSolution
		SolutionGuid = {34C7D08F-A2A8-4985-8949-EA24B7DBE54D}
	EndGlobalSection
EndGlobal
